
Microsoft Visual Studio Solution File, Format Version 12.00
# Visual Studio Version 17
VisualStudioVersion = 17.11.35222.181
MinimumVisualStudioVersion = 10.0.40219.1
Project("{FAE04EC0-301F-11D3-BF4B-00C04F79EFBC}") = "VerbatTest", "VerbatTest\VerbatTest.csproj", "{78ADC798-F528-436F-9096-89A5FCB992C1}"
EndProject
Global
	GlobalSection(SolutionConfigurationPlatforms) = preSolution
		Debug|Any CPU = Debug|Any CPU
		Release|Any CPU = Release|Any CPU
	EndGlobalSection
	GlobalSection(ProjectConfigurationPlatforms) = postSolution
		{78ADC798-F528-436F-9096-89A5FCB992C1}.Debug|Any CPU.ActiveCfg = Debug|Any CPU
		{78ADC798-F528-436F-9096-89A5FCB992C1}.Debug|Any CPU.Build.0 = Debug|Any CPU
		{78ADC798-F528-436F-9096-89A5FCB992C1}.Release|Any CPU.ActiveCfg = Release|Any CPU
		{78ADC798-F528-436F-9096-89A5FCB992C1}.Release|Any CPU.Build.0 = Release|Any CPU
	EndGlobalSection
	GlobalSection(SolutionProperties) = preSolution
		HideSolutionNode = FALSE
	EndGlobalSection
	GlobalSection(ExtensibilityGlobals) = postSolution
		SolutionGuid = {B80C4827-E0F7-41EB-B11B-8E818AAF9360}
	EndGlobalSection
EndGlobal
